{
  "name": "webhandle-page-server",
  "version": "1.0.11",
  "lockfileVersion": 3,
  "requires": true,
  "packages": {
    "": {
      "name": "webhandle-page-server",
      "version": "1.0.11",
      "license": "ISC",
      "dependencies": {
        "@webhandle/page-locator": "^1.0.1",
        "commingle": "^0.0.4",
        "filter-log": "^1.0.3"
      }
    },
    "node_modules/@webhandle/page-locator": {
      "version": "1.0.1",
      "resolved": "https://registry.npmjs.org/@webhandle/page-locator/-/page-locator-1.0.1.tgz",
      "integrity": "sha512-yR2jXRLAkWOKPkCo6BUexN0A0AcF9aFUUgSGs0UqoW4XA27v2HaszYrWekUns5//4pHmKBv8kLS/0t9ifsmu7A==",
      "dependencies": {
        "file-sink": "^1.0.10"
      }
    },
    "node_modules/add-callback-to-promise": {
      "version": "1.0.2",
      "resolved": "https://registry.npmjs.org/add-callback-to-promise/-/add-callback-to-promise-1.0.2.tgz",
      "integrity": "sha512-jM4BNulaf59lZrT1laOyi1OQGpTEbshaywzoj8lMBzMhFU718AST/yW1qltHDAm46sZ/yJ3KXDp2xra1BYwcdA=="
    },
    "node_modules/commingle": {
      "version": "0.0.4",
      "resolved": "https://registry.npmjs.org/commingle/-/commingle-0.0.4.tgz",
      "integrity": "sha512-v62aLOYYUIinu97ado8qVyy2YR+0C/xsi8KyPYY5LMwy53jqdXcVbIyyKJZRB5qDWA+1vkbOE3kurOr9UrTP2A=="
    },
    "node_modules/core-util-is": {
      "version": "1.0.2",
      "resolved": "https://registry.npmjs.org/core-util-is/-/core-util-is-1.0.2.tgz",
      "integrity": "sha1-tf1UIgqivFq1eqtxQMlAdUUDwac="
    },
    "node_modules/file-sink": {
      "version": "1.0.10",
      "resolved": "https://registry.npmjs.org/file-sink/-/file-sink-1.0.10.tgz",
      "integrity": "sha512-ObhwzVElqJk3/gqKAWCe4haReBtD3e9sh+TAd6ywcgmSVRViodedrHAFj3cXwgncXb+Piv4MGksHiSXv2PkYEQ==",
      "dependencies": {
        "add-callback-to-promise": "^1.0.2",
        "filter-log": "0.0.3"
      }
    },
    "node_modules/file-sink/node_modules/filter-log": {
      "version": "0.0.3",
      "resolved": "https://registry.npmjs.org/filter-log/-/filter-log-0.0.3.tgz",
      "integrity": "sha512-3j38Gcbwtx+4Ko+hhtBbtGAmLt+A1SNJjmbvmm4uL1Saru4f4PvOj1Ge9WDN4fGg9qsLhpyu+z/NAjk0zGxN6g==",
      "dependencies": {
        "is-stream": "^1.1.0",
        "JSONStream": "^1.3.1",
        "minimist": "^1.2.0",
        "through2": "^2.0.3",
        "tripartite": "^1.0.7",
        "underscore": "^1.8.3"
      },
      "bin": {
        "filter-log": "filter-log-command.js"
      }
    },
    "node_modules/filter-log": {
      "version": "1.0.3",
      "resolved": "https://registry.npmjs.org/filter-log/-/filter-log-1.0.3.tgz",
      "integrity": "sha512-xQRx76sX3r4fNRmvO9j1cmdufcacFtyYLhHZ9Boozz5O+DxolZcaYjjOzPdHKiKGKkNLilaASbQ7u2lGbzURvg==",
      "dependencies": {
        "is-stream": "^1.1.0"
      }
    },
    "node_modules/inherits": {
      "version": "2.0.4",
      "resolved": "https://registry.npmjs.org/inherits/-/inherits-2.0.4.tgz",
      "integrity": "sha512-k/vGaX4/Yla3WzyMCvTQOXYeIHvqOKtnqBduzTHpzpQZzAskKMhZ2K+EnBiSM9zGSoIFeMpXKxa4dYeZIQqewQ=="
    },
    "node_modules/is-stream": {
      "version": "1.1.0",
      "resolved": "https://registry.npmjs.org/is-stream/-/is-stream-1.1.0.tgz",
      "integrity": "sha1-EtSj3U5o4Lec6428hBc66A2RykQ=",
      "engines": {
        "node": ">=0.10.0"
      }
    },
    "node_modules/isarray": {
      "version": "1.0.0",
      "resolved": "https://registry.npmjs.org/isarray/-/isarray-1.0.0.tgz",
      "integrity": "sha1-u5NdSFgsuhaMBoNJV6VKPgcSTxE="
    },
    "node_modules/jsonparse": {
      "version": "1.3.1",
      "resolved": "https://registry.npmjs.org/jsonparse/-/jsonparse-1.3.1.tgz",
      "integrity": "sha1-P02uSpH6wxX3EGL4UhzCOfE2YoA=",
      "engines": [
        "node >= 0.2.0"
      ]
    },
    "node_modules/JSONStream": {
      "version": "1.3.5",
      "resolved": "https://registry.npmjs.org/JSONStream/-/JSONStream-1.3.5.tgz",
      "integrity": "sha512-E+iruNOY8VV9s4JEbe1aNEm6MiszPRr/UfcHMz0TQh1BXSxHK+ASV1R6W4HpjBhSeS+54PIsAMCBmwD06LLsqQ==",
      "dependencies": {
        "jsonparse": "^1.2.0",
        "through": ">=2.2.7 <3"
      },
      "bin": {
        "JSONStream": "bin.js"
      },
      "engines": {
        "node": "*"
      }
    },
    "node_modules/minimist": {
      "version": "1.2.5",
      "resolved": "https://registry.npmjs.org/minimist/-/minimist-1.2.5.tgz",
      "integrity": "sha512-FM9nNUYrRBAELZQT3xeZQ7fmMOBg6nWNmJKTcgsJeaLstP/UODVpGsr5OhXhhXg6f+qtJ8uiZ+PUxkDWcgIXLw=="
    },
    "node_modules/process-nextick-args": {
      "version": "2.0.1",
      "resolved": "https://registry.npmjs.org/process-nextick-args/-/process-nextick-args-2.0.1.tgz",
      "integrity": "sha512-3ouUOpQhtgrbOa17J7+uxOTpITYWaGP7/AhoR3+A+/1e9skrzelGi/dXzEYyvbxubEF6Wn2ypscTKiKJFFn1ag=="
    },
    "node_modules/readable-stream": {
      "version": "2.3.7",
      "resolved": "https://registry.npmjs.org/readable-stream/-/readable-stream-2.3.7.tgz",
      "integrity": "sha512-Ebho8K4jIbHAxnuxi7o42OrZgF/ZTNcsZj6nRKyUmkhLFq8CHItp/fy6hQZuZmP/n3yZ9VBUbp4zz/mX8hmYPw==",
      "dependencies": {
        "core-util-is": "~1.0.0",
        "inherits": "~2.0.3",
        "isarray": "~1.0.0",
        "process-nextick-args": "~2.0.0",
        "safe-buffer": "~5.1.1",
        "string_decoder": "~1.1.1",
        "util-deprecate": "~1.0.1"
      }
    },
    "node_modules/safe-buffer": {
      "version": "5.1.2",
      "resolved": "https://registry.npmjs.org/safe-buffer/-/safe-buffer-5.1.2.tgz",
      "integrity": "sha512-Gd2UZBJDkXlY7GbJxfsE8/nvKkUEU1G38c1siN6QP6a9PT9MmHB8GnpscSmMJSoF8LOIrt8ud/wPtojys4G6+g=="
    },
    "node_modules/string_decoder": {
      "version": "1.1.1",
      "resolved": "https://registry.npmjs.org/string_decoder/-/string_decoder-1.1.1.tgz",
      "integrity": "sha512-n/ShnvDi6FHbbVfviro+WojiFzv+s8MPMHBczVePfUpDJLwoLT0ht1l4YwBCbi8pJAveEEdnkHyPyTP/mzRfwg==",
      "dependencies": {
        "safe-buffer": "~5.1.0"
      }
    },
    "node_modules/through": {
      "version": "2.3.8",
      "resolved": "https://registry.npmjs.org/through/-/through-2.3.8.tgz",
      "integrity": "sha1-DdTJ/6q8NXlgsbckEV1+Doai4fU="
    },
    "node_modules/through2": {
      "version": "2.0.5",
      "resolved": "https://registry.npmjs.org/through2/-/through2-2.0.5.tgz",
      "integrity": "sha512-/mrRod8xqpA+IHSLyGCQ2s8SPHiCDEeQJSep1jqLYeEUClOFG2Qsh+4FU6G9VeqpZnGW/Su8LQGc4YKni5rYSQ==",
      "dependencies": {
        "readable-stream": "~2.3.6",
        "xtend": "~4.0.1"
      }
    },
    "node_modules/tripartite": {
      "version": "1.0.14",
      "resolved": "https://registry.npmjs.org/tripartite/-/tripartite-1.0.14.tgz",
      "integrity": "sha512-mv37mO0TEJv9nQt9KdxqYBOkMywbAwiicndSzjLVBOVSvZ/U04fFKT1pTQpW4vob+tN94BBgAGvqwcNc0wTmqA=="
    },
    "node_modules/underscore": {
      "version": "1.12.1",
      "resolved": "https://registry.npmjs.org/underscore/-/underscore-1.12.1.tgz",
      "integrity": "sha512-hEQt0+ZLDVUMhebKxL4x1BTtDY7bavVofhZ9KZ4aI26X9SRaE+Y3m83XUL1UP2jn8ynjndwCCpEHdUG+9pP1Tw=="
    },
    "node_modules/util-deprecate": {
      "version": "1.0.2",
      "resolved": "https://registry.npmjs.org/util-deprecate/-/util-deprecate-1.0.2.tgz",
      "integrity": "sha1-RQ1Nyfpw3nMnYvvS1KKJgUGaDM8="
    },
    "node_modules/xtend": {
      "version": "4.0.2",
      "resolved": "https://registry.npmjs.org/xtend/-/xtend-4.0.2.tgz",
      "integrity": "sha512-LKYU1iAXJXUgAXn9URjiu+MWhyUXHsvfp7mcuYm9dSUKK0/CjtrUwFAxD82/mCWbtLsGjFIad0wIsod4zrTAEQ==",
      "engines": {
        "node": ">=0.4"
      }
    }
  }
}
